github.com/aws/aws-sdk-go-v2 v1.42.0 h1:XvXMJTkFQtpBKIWZnmr9ZEOc2InWM2yldjXEJ/bymhA=
github.com/aws/aws-sdk-go-v2 v1.42.0/go.mod h1:27+ACypSLljLAEKsCYOmrjKh83vuTRkuAe9Uv/3A4bg=
github.com/aws/aws-sdk-go-v2/internal/configsources v1.4.29 h1:f3vKqSo13fhTYb+JEcXwXefZQE26I1FB5eTSniU67ko=
github.com/aws/aws-sdk-go-v2/internal/configsources v1.4.29/go.mod h1:MzoLFUArKGpGD+ukmPiTPG1X5x4o6M2kq4v2dr1FiEc=
github.com/aws/aws-sdk-go-v2/internal/endpoints/v2 v2.7.29 h1:RdwIf/CuUsvJX3RgJagbOyotl/cxoLY4xviKuE7p2GY=
github.com/aws/aws-sdk-go-v2/internal/endpoints/v2 v2.7.29/go.mod h1:71wt8W2EgswdZy9Mf9KNnzxZ3TiZlv4caKghPktDOkA=
github.com/aws/aws-sdk-go-v2/service/kms v1.53.4 h1:PEgVSsWtR8NNxsDxFL2Ywisi7R+1EFQARGsT4q3mWwI=
github.com/aws/aws-sdk-go-v2/service/kms v1.53.4/go.mod h1:3EeKyDGPGSCEphG2OolwNGNF45RvQIfm27AYYpfEWrw=
github.com/aws/smithy-go v1.27.2 h1:y9NPmSE6am6LjEFPfqHqG/jJk7AauQvhCJONKh7kpzk=
github.com/aws/smithy-go v1.27.2/go.mod h1:YE2RhdIuDbA5E5bTdciG9KrW3+TiEONeUWCqxX9i1Fc=
github.com/bds421/rho-kit/core/v2 v2.2.0 h1:QTuOoyrcwloc2xvgXLMGriD3ffU+PtxnHsSLburdK5k=
github.com/bds421/rho-kit/core/v2 v2.2.0/go.mod h1:GAvf8bXLjTjo6XPYn37PX+6otVLmYk3CcqfcMmUKxPw=
github.com/bds421/rho-kit/crypto/v2 v2.2.0 h1:hgjscMBtL31A6jw2fLPu6gpxIriJndz8BmF6N2KZ7po=
github.com/bds421/rho-kit/crypto/v2 v2.2.0/go.mod h1:rq+wuWNXnaIxX/2UFOU6nvIbd3cQeVSa4v/ui2eTud0=
github.com/beorn7/perks v1.0.1 h1:VlbKKnNfV8bJzeqoa4cOKqO6bYr3WgKZxO8Z16+hsOM=
github.com/beorn7/perks v1.0.1/go.mod h1:G2ZrVWU2WbWT9wwq4/hrbKbnv/1ERSJQ0ibhJ6rlkpw=
github.com/c2sp/wycheproof v0.0.0-20260105152342-fca0d3ba9f12 h1:C34LW7dhWgjAaAOdNB8z2UCyJsXDjC6UTILljHuqOlI=
github.com/c2sp/wycheproof v0.0.0-20260105152342-fca0d3ba9f12/go.mod h1:U1QjrC6KepOmtVmJn3QsKOTd9HliGr/da5afPEhLRnk=
github.com/cespare/xxhash/v2 v2.3.0 h1:UL815xU9SqsFlibzuggzjXhog7bL6oX9BbNZnL2UFvs=
github.com/cespare/xxhash/v2 v2.3.0/go.mod h1:VGX0DQ3Q6kWi7AoAeZDth3/j3BFtOZR5XLFGgcrjCOs=
github.com/davecgh/go-spew v1.1.2-0.20180830191138-d8f796af33cc h1:U9qPSI2PIWSS1VwoXQT9A3Wy9MM3WgvqSxFWenqJduM=
github.com/davecgh/go-spew v1.1.2-0.20180830191138-d8f796af33cc/go.mod h1:J7Y8YcW2NihsgmVo/mv3lAwl/skON4iLHjSsI+c5H38=
github.com/google/go-cmp v0.7.0 h1:wk8382ETsv4JYUZwIsn6YpYiWiBsYLSJiTsyBybVuN8=
github.com/google/go-cmp v0.7.0/go.mod h1:pXiqmnSA92OHEEa9HXL2W4E7lf9JzCmGVUdgjX3N/iU=
github.com/munnerz/goautoneg v0.0.0-20191010083416-a7dc8b61c822 h1:C3w9PqII01/Oq1c1nUAm88MOHcQC9l5mIlSMApZMrHA=
github.com/munnerz/goautoneg v0.0.0-20191010083416-a7dc8b61c822/go.mod h1:+n7T8mK8HuQTcFwEeznm/DIxMOiR9yIdICNftLE1DvQ=
github.com/pmezard/go-difflib v1.0.1-0.20181226105442-5d4384ee4fb2 h1:Jamvg5psRIccs7FGNTlIRMkT8wgtp5eCXdBlqhYGL6U=
github.com/pmezard/go-difflib v1.0.1-0.20181226105442-5d4384ee4fb2/go.mod h1:iKH77koFhYxTK1pcRnkKkqfTogsbg7gZNVY4sRDYZ/4=
github.com/prometheus/client_golang v1.23.2 h1:Je96obch5RDVy3FDMndoUsjAhG5Edi49h0RJWRi/o0o=
github.com/prometheus/client_golang v1.23.2/go.mod h1:Tb1a6LWHB3/SPIzCoaDXI4I8UHKeFTEQ1YCr+0Gyqmg=
github.com/prometheus/client_model v0.6.2 h1:oBsgwpGs7iVziMvrGhE53c/GrLUsZdHnqNwqPLxwZyk=
github.com/prometheus/client_model v0.6.2/go.mod h1:y3m2F6Gdpfy6Ut/GBsUqTWZqCUvMVzSfMLjcu6wAwpE=
github.com/prometheus/common v0.67.5 h1:pIgK94WWlQt1WLwAC5j2ynLaBRDiinoAb86HZHTUGI4=
github.com/prometheus/common v0.67.5/go.mod h1:SjE/0MzDEEAyrdr5Gqc6G+sXI67maCxzaT3A2+HqjUw=
github.com/prometheus/procfs v0.20.1 h1:XwbrGOIplXW/AU3YhIhLODXMJYyC1isLFfYCsTEycfc=
github.com/prometheus/procfs v0.20.1/go.mod h1:o9EMBZGRyvDrSPH1RqdxhojkuXstoe4UlK79eF5TGGo=
github.com/stretchr/testify v1.11.1 h1:7s2iGBzp5EwR7/aIZr8ao5+dra3wiQyKjjFuvgVKu7U=
github.com/stretchr/testify v1.11.1/go.mod h1:wZwfW3scLgRK+23gO65QZefKpKQRnfz6sD981Nm4B6U=
github.com/tink-crypto/tink-go/v2 v2.7.0 h1:k7QnUXJ1cRDpvoy/5l1FimZqMAArRff8vjUqzi5N04o=
github.com/tink-crypto/tink-go/v2 v2.7.0/go.mod h1:cWNpQ/yAT/QHzAV0kBGMOSJzzYTKofDZdJaUqOPPWCI=
go.uber.org/goleak v1.3.0 h1:2K3zAYmnTNqV73imy9J1T3WC+gmCePx2hEGkimedGto=
go.uber.org/goleak v1.3.0/go.mod h1:CoHD4mav9JJNrW/WLlf7HGZPjdw8EucARQHekz1X6bE=
go.yaml.in/yaml/v2 v2.4.4 h1:tuyd0P+2Ont/d6e2rl3be67goVK4R6deVxCUX5vyPaQ=
go.yaml.in/yaml/v2 v2.4.4/go.mod h1:gMZqIpDtDqOfM0uNfy0SkpRhvUryYH0Z6wdMYcacYXQ=
golang.org/x/crypto v0.53.0 h1:QZ4Muo8THX6CizN2vPPd5fBGHyogrdK9fG4wLPFUsto=
golang.org/x/crypto v0.53.0/go.mod h1:DNLU434OwVakk9PzuwV8w62mAJpRJL3vsgcfp4Qnsio=
golang.org/x/sys v0.46.0 h1:noSf2Fq6F8DBgS+LysIkx7rIExoNHJsxOAtPp4rthXw=
golang.org/x/sys v0.46.0/go.mod h1:4GL1E5IUh+htKOUEOaiffhrAeqysfVGipDYzABqnCmw=
google.golang.org/protobuf v1.36.12-0.20260120151049-f2248ac996af h1:+5/Sw3GsDNlEmu7TfklWKPdQ0Ykja5VEmq2i817+jbI=
google.golang.org/protobuf v1.36.12-0.20260120151049-f2248ac996af/go.mod h1:HTf+CrKn2C3g5S8VImy6tdcUvCska2kB7j23XfzDpco=
gopkg.in/yaml.v3 v3.0.1 h1:fxVm/GzAzEWqLHuvctI91KS9hhNmmWOoWu0XTYJS7CA=
gopkg.in/yaml.v3 v3.0.1/go.mod h1:K4uyk7z7BCEPqu6E+C64Yfv1cQ7kz7rIZviUmN+EgEM=
